
Microsoft Visual Studio Solution File, Format Version 12.00
# Visual Studio 15
VisualStudioVersion = 15.0.27428.2027
MinimumVisualStudioVersion = 10.0.40219.1
Project("{FAE04EC0-301F-11D3-BF4B-00C04F79EFBC}") = "TwitR", "TwitR\TwitR.csproj", "{DDD76984-E4C9-4E00-A4C9-C3C2A471FE51}"
EndProject
Project("{FAE04EC0-301F-11D3-BF4B-00C04F79EFBC}") = "WebHandler", "WebHandler\WebHandler.csproj", "{D57D5899-E989-4405-AEEF-5E42C86C0E08}"
EndProject
Global
	GlobalSection(SolutionConfigurationPlatforms) = preSolution
		Debug|Any CPU = Debug|Any CPU
		Debug|ARM = Debug|ARM
		Debug|x64 = Debug|x64
		Debug|x86 = Debug|x86
		Release|Any CPU = Release|Any CPU
		Release|ARM = Release|ARM
		Release|x64 = Release|x64
		Release|x86 = Release|x86
	EndGlobalSection
	GlobalSection(ProjectConfigurationPlatforms) = postSolution
		{DDD76984-E4C9-4E00-A4C9-C3C2A471FE51}.Debug|Any CPU.ActiveCfg = Debug|x86
		{DDD76984-E4C9-4E00-A4C9-C3C2A471FE51}.Debug|ARM.ActiveCfg = Debug|ARM
		{DDD76984-E4C9-4E00-A4C9-C3C2A471FE51}.Debug|ARM.Build.0 = Debug|ARM
		{DDD76984-E4C9-4E00-A4C9-C3C2A471FE51}.Debug|ARM.Deploy.0 = Debug|ARM
		{DDD76984-E4C9-4E00-A4C9-C3C2A471FE51}.Debug|x64.ActiveCfg = Debug|x64
		{DDD76984-E4C9-4E00-A4C9-C3C2A471FE51}.Debug|x64.Build.0 = Debug|x64
		{DDD76984-E4C9-4E00-A4C9-C3C2A471FE51}.Debug|x64.Deploy.0 = Debug|x64
		{DDD76984-E4C9-4E00-A4C9-C3C2A471FE51}.Debug|x86.ActiveCfg = Debug|x86
		{DDD76984-E4C9-4E00-A4C9-C3C2A471FE51}.Debug|x86.Build.0 = Debug|x86
		{DDD76984-E4C9-4E00-A4C9-C3C2A471FE51}.Debug|x86.Deploy.0 = Debug|x86
		{DDD76984-E4C9-4E00-A4C9-C3C2A471FE51}.Release|Any CPU.ActiveCfg = Release|x86
		{DDD76984-E4C9-4E00-A4C9-C3C2A471FE51}.Release|ARM.ActiveCfg = Release|ARM
		{DDD76984-E4C9-4E00-A4C9-C3C2A471FE51}.Release|ARM.Build.0 = Release|ARM
		{DDD76984-E4C9-4E00-A4C9-C3C2A471FE51}.Release|ARM.Deploy.0 = Release|ARM
		{DDD76984-E4C9-4E00-A4C9-C3C2A471FE51}.Release|x64.ActiveCfg = Release|x64
		{DDD76984-E4C9-4E00-A4C9-C3C2A471FE51}.Release|x64.Build.0 = Release|x64
		{DDD76984-E4C9-4E00-A4C9-C3C2A471FE51}.Release|x64.Deploy.0 = Release|x64
		{DDD76984-E4C9-4E00-A4C9-C3C2A471FE51}.Release|x86.ActiveCfg = Release|x86
		{DDD76984-E4C9-4E00-A4C9-C3C2A471FE51}.Release|x86.Build.0 = Release|x86
		{DDD76984-E4C9-4E00-A4C9-C3C2A471FE51}.Release|x86.Deploy.0 = Release|x86
		{D57D5899-E989-4405-AEEF-5E42C86C0E08}.Debug|Any CPU.ActiveCfg = Debug|Any CPU
		{D57D5899-E989-4405-AEEF-5E42C86C0E08}.Debug|Any CPU.Build.0 = Debug|Any CPU
		{D57D5899-E989-4405-AEEF-5E42C86C0E08}.Debug|ARM.ActiveCfg = Debug|ARM
		{D57D5899-E989-4405-AEEF-5E42C86C0E08}.Debug|ARM.Build.0 = Debug|ARM
		{D57D5899-E989-4405-AEEF-5E42C86C0E08}.Debug|x64.ActiveCfg = Debug|x64
		{D57D5899-E989-4405-AEEF-5E42C86C0E08}.Debug|x64.Build.0 = Debug|x64
		{D57D5899-E989-4405-AEEF-5E42C86C0E08}.Debug|x86.ActiveCfg = Debug|x86
		{D57D5899-E989-4405-AEEF-5E42C86C0E08}.Debug|x86.Build.0 = Debug|x86
		{D57D5899-E989-4405-AEEF-5E42C86C0E08}.Release|Any CPU.ActiveCfg = Release|Any CPU
		{D57D5899-E989-4405-AEEF-5E42C86C0E08}.Release|Any CPU.Build.0 = Release|Any CPU
		{D57D5899-E989-4405-AEEF-5E42C86C0E08}.Release|ARM.ActiveCfg = Release|ARM
		{D57D5899-E989-4405-AEEF-5E42C86C0E08}.Release|ARM.Build.0 = Release|ARM
		{D57D5899-E989-4405-AEEF-5E42C86C0E08}.Release|x64.ActiveCfg = Release|x64
		{D57D5899-E989-4405-AEEF-5E42C86C0E08}.Release|x64.Build.0 = Release|x64
		{D57D5899-E989-4405-AEEF-5E42C86C0E08}.Release|x86.ActiveCfg = Release|x86
		{D57D5899-E989-4405-AEEF-5E42C86C0E08}.Release|x86.Build.0 = Release|x86
	EndGlobalSection
	GlobalSection(SolutionProperties) = preSolution
		HideSolutionNode = FALSE
	EndGlobalSection
	GlobalSection(ExtensibilityGlobals) = postSolution
		SolutionGuid = {D48FB437-E84B-4CBE-8207-28F5EA022114}
	EndGlobalSection
EndGlobal
